
Microsoft Visual Studio Solution File, Format Version 11.00
# Visual Studio 2010
Project("{FAE04EC0-301F-11D3-BF4B-00C04F79EFBC}") = "maxLength", "maxLength\maxLength.csproj", "{24074148-7E2A-4C8F-BFA2-09317528E364}"
EndProject
Project("{FAE04EC0-301F-11D3-BF4B-00C04F79EFBC}") = "TestProject1", "TestProject1\TestProject1.csproj", "{DF2CEF9B-3637-4C5C-93A3-7AED2B373B7E}"
EndProject
Project("{2150E333-8FDC-42A3-9474-1A3956D46DE8}") = "Solution Items", "Solution Items", "{BDE6440A-DF72-46A2-9A50-37A2B5041BA7}"
	ProjectSection(SolutionItems) = preProject
		Local.testsettings = Local.testsettings
		maxLength.vsmdi = maxLength.vsmdi
		TraceAndTestImpact.testsettings = TraceAndTestImpact.testsettings
	EndProjectSection
EndProject
Global
	GlobalSection(TestCaseManagementSettings) = postSolution
		CategoryFile = maxLength.vsmdi
	EndGlobalSection
	GlobalSection(SolutionConfigurationPlatforms) = preSolution
		Debug|Any CPU = Debug|Any CPU
		Debug|Mixed Platforms = Debug|Mixed Platforms
		Debug|x86 = Debug|x86
		Release|Any CPU = Release|Any CPU
		Release|Mixed Platforms = Release|Mixed Platforms
		Release|x86 = Release|x86
	EndGlobalSection
	GlobalSection(ProjectConfigurationPlatforms) = postSolution
		{24074148-7E2A-4C8F-BFA2-09317528E364}.Debug|Any CPU.ActiveCfg = Debug|x86
		{24074148-7E2A-4C8F-BFA2-09317528E364}.Debug|Mixed Platforms.ActiveCfg = Debug|x86
		{24074148-7E2A-4C8F-BFA2-09317528E364}.Debug|Mixed Platforms.Build.0 = Debug|x86
		{24074148-7E2A-4C8F-BFA2-09317528E364}.Debug|x86.ActiveCfg = Debug|x86
		{24074148-7E2A-4C8F-BFA2-09317528E364}.Debug|x86.Build.0 = Debug|x86
		{24074148-7E2A-4C8F-BFA2-09317528E364}.Release|Any CPU.ActiveCfg = Release|x86
		{24074148-7E2A-4C8F-BFA2-09317528E364}.Release|Mixed Platforms.ActiveCfg = Release|x86
		{24074148-7E2A-4C8F-BFA2-09317528E364}.Release|Mixed Platforms.Build.0 = Release|x86
		{24074148-7E2A-4C8F-BFA2-09317528E364}.Release|x86.ActiveCfg = Release|x86
		{24074148-7E2A-4C8F-BFA2-09317528E364}.Release|x86.Build.0 = Release|x86
		{DF2CEF9B-3637-4C5C-93A3-7AED2B373B7E}.Debug|Any CPU.ActiveCfg = Debug|Any CPU
		{DF2CEF9B-3637-4C5C-93A3-7AED2B373B7E}.Debug|Any CPU.Build.0 = Debug|Any CPU
		{DF2CEF9B-3637-4C5C-93A3-7AED2B373B7E}.Debug|Mixed Platforms.ActiveCfg = Debug|Any CPU
		{DF2CEF9B-3637-4C5C-93A3-7AED2B373B7E}.Debug|Mixed Platforms.Build.0 = Debug|Any CPU
		{DF2CEF9B-3637-4C5C-93A3-7AED2B373B7E}.Debug|x86.ActiveCfg = Debug|Any CPU
		{DF2CEF9B-3637-4C5C-93A3-7AED2B373B7E}.Release|Any CPU.ActiveCfg = Release|Any CPU
		{DF2CEF9B-3637-4C5C-93A3-7AED2B373B7E}.Release|Any CPU.Build.0 = Release|Any CPU
		{DF2CEF9B-3637-4C5C-93A3-7AED2B373B7E}.Release|Mixed Platforms.ActiveCfg = Release|Any CPU
		{DF2CEF9B-3637-4C5C-93A3-7AED2B373B7E}.Release|Mixed Platforms.Build.0 = Release|Any CPU
		{DF2CEF9B-3637-4C5C-93A3-7AED2B373B7E}.Release|x86.ActiveCfg = Release|Any CPU
	EndGlobalSection
	GlobalSection(SolutionProperties) = preSolution
		HideSolutionNode = FALSE
	EndGlobalSection
EndGlobal
